{
  "requires": true,
  "lockfileVersion": 1,
  "dependencies": {
    "dayjs": {
      "version": "1.8.22",
      "resolved": "https://registry.npmjs.org/dayjs/-/dayjs-1.8.22.tgz",
      "integrity": "sha512-N8IXfxBD62Y9cKTuuuSoOlCXRnnzaTj1vu91r855iq6FbY5cZqOZnW/95nUn6kJiR+W9PHHrLykEoQOe6fUKxQ=="
    }
  }
}
